
Microsoft Visual Studio Solution File, Format Version 12.00
# Visual Studio Version 16
VisualStudioVersion = 25.0.1706.8
MinimumVisualStudioVersion = 10.0.40219.1
Project("{FAE04EC0-301F-11D3-BF4B-00C04F79EFBC}") = "PrivateMultipleObjects", "PrivateMultipleObjects.csproj", "{D965ACA5-B0CF-44BF-980C-FDA457E9BD9D}"
EndProject
Global
	GlobalSection(SolutionConfigurationPlatforms) = preSolution
		Debug|Any CPU = Debug|Any CPU
		Release|Any CPU = Release|Any CPU
	EndGlobalSection
	GlobalSection(ProjectConfigurationPlatforms) = postSolution
		{D965ACA5-B0CF-44BF-980C-FDA457E9BD9D}.Debug|Any CPU.ActiveCfg = Debug|Any CPU
		{D965ACA5-B0CF-44BF-980C-FDA457E9BD9D}.Debug|Any CPU.Build.0 = Debug|Any CPU
		{D965ACA5-B0CF-44BF-980C-FDA457E9BD9D}.Release|Any CPU.ActiveCfg = Release|Any CPU
		{D965ACA5-B0CF-44BF-980C-FDA457E9BD9D}.Release|Any CPU.Build.0 = Release|Any CPU
	EndGlobalSection
	GlobalSection(SolutionProperties) = preSolution
		HideSolutionNode = FALSE
	EndGlobalSection
	GlobalSection(ExtensibilityGlobals) = postSolution
		SolutionGuid = {EE236258-E6D5-48A6-A547-72F0F4D4715E}
	EndGlobalSection
EndGlobal
